
Microsoft Visual Studio Solution File, Format Version 12.00
# Visual Studio Version 17
VisualStudioVersion = 17.4.33110.190
MinimumVisualStudioVersion = 10.0.40219.1
Project("{FAE04EC0-301F-11D3-BF4B-00C04F79EFBC}") = "HW", "HW\HW.csproj", "{F796B253-88EE-482D-9E96-161A0FBFAFE3}"
EndProject
Global
	GlobalSection(SolutionConfigurationPlatforms) = preSolution
		Debug|Any CPU = Debug|Any CPU
		Release|Any CPU = Release|Any CPU
	EndGlobalSection
	GlobalSection(ProjectConfigurationPlatforms) = postSolution
		{F796B253-88EE-482D-9E96-161A0FBFAFE3}.Debug|Any CPU.ActiveCfg = Debug|Any CPU
		{F796B253-88EE-482D-9E96-161A0FBFAFE3}.Debug|Any CPU.Build.0 = Debug|Any CPU
		{F796B253-88EE-482D-9E96-161A0FBFAFE3}.Release|Any CPU.ActiveCfg = Release|Any CPU
		{F796B253-88EE-482D-9E96-161A0FBFAFE3}.Release|Any CPU.Build.0 = Release|Any CPU
	EndGlobalSection
	GlobalSection(SolutionProperties) = preSolution
		HideSolutionNode = FALSE
	EndGlobalSection
	GlobalSection(ExtensibilityGlobals) = postSolution
		SolutionGuid = {A7000305-A930-4137-8D46-A26954074370}
	EndGlobalSection
EndGlobal
